
Microsoft Visual Studio Solution File, Format Version 12.00
# Visual Studio Version 16
VisualStudioVersion = 16.0.30804.86
MinimumVisualStudioVersion = 10.0.40219.1
Project("{8BC9CEB8-8B4A-11D0-8D11-00A0C91BC942}") = "Simulation", "Simulation\Simulation.vcxproj", "{0D8DD4B9-1E05-4428-AD92-5CB401295D10}"
EndProject
Project("{8BC9CEB8-8B4A-11D0-8D11-00A0C91BC942}") = "Collection", "Collection\Collection.vcxproj", "{2CC7AD74-8325-49A1-805B-EC23A43D8AD8}"
EndProject
Global
	GlobalSection(SolutionConfigurationPlatforms) = preSolution
		Debug|x64 = Debug|x64
		Debug|x86 = Debug|x86
		Release|x64 = Release|x64
		Release|x86 = Release|x86
	EndGlobalSection
	GlobalSection(ProjectConfigurationPlatforms) = postSolution
		{0D8DD4B9-1E05-4428-AD92-5CB401295D10}.Debug|x64.ActiveCfg = Debug|x64
		{0D8DD4B9-1E05-4428-AD92-5CB401295D10}.Debug|x64.Build.0 = Debug|x64
		{0D8DD4B9-1E05-4428-AD92-5CB401295D10}.Debug|x86.ActiveCfg = Debug|Win32
		{0D8DD4B9-1E05-4428-AD92-5CB401295D10}.Debug|x86.Build.0 = Debug|Win32
		{0D8DD4B9-1E05-4428-AD92-5CB401295D10}.Release|x64.ActiveCfg = Release|x64
		{0D8DD4B9-1E05-4428-AD92-5CB401295D10}.Release|x64.Build.0 = Release|x64
		{0D8DD4B9-1E05-4428-AD92-5CB401295D10}.Release|x86.ActiveCfg = Release|Win32
		{0D8DD4B9-1E05-4428-AD92-5CB401295D10}.Release|x86.Build.0 = Release|Win32
		{2CC7AD74-8325-49A1-805B-EC23A43D8AD8}.Debug|x64.ActiveCfg = Debug|x64
		{2CC7AD74-8325-49A1-805B-EC23A43D8AD8}.Debug|x64.Build.0 = Debug|x64
		{2CC7AD74-8325-49A1-805B-EC23A43D8AD8}.Debug|x86.ActiveCfg = Debug|Win32
		{2CC7AD74-8325-49A1-805B-EC23A43D8AD8}.Debug|x86.Build.0 = Debug|Win32
		{2CC7AD74-8325-49A1-805B-EC23A43D8AD8}.Release|x64.ActiveCfg = Release|x64
		{2CC7AD74-8325-49A1-805B-EC23A43D8AD8}.Release|x64.Build.0 = Release|x64
		{2CC7AD74-8325-49A1-805B-EC23A43D8AD8}.Release|x86.ActiveCfg = Release|Win32
		{2CC7AD74-8325-49A1-805B-EC23A43D8AD8}.Release|x86.Build.0 = Release|Win32
	EndGlobalSection
	GlobalSection(SolutionProperties) = preSolution
		HideSolutionNode = FALSE
	EndGlobalSection
	GlobalSection(ExtensibilityGlobals) = postSolution
		SolutionGuid = {96439A07-3D21-4C03-B7DB-7CB889FE8808}
	EndGlobalSection
EndGlobal
